{
  "name": "odin-admin-dashboard",
  "lockfileVersion": 3,
  "requires": true,
  "packages": {
    "": {
      "dependencies": {
        "@mdi/svg": "^7.4.47",
        "modern-normalize": "^3.0.1"
      }
    },
    "node_modules/@mdi/svg": {
      "version": "7.4.47",
      "resolved": "https://registry.npmjs.org/@mdi/svg/-/svg-7.4.47.tgz",
      "integrity": "sha512-WQ2gDll12T9WD34fdRFgQVgO8bag3gavrAgJ0frN4phlwdJARpE6gO1YvLEMJR0KKgoc+/Ea/A0Pp11I00xBvw==",
      "license": "Apache-2.0"
    },
    "node_modules/modern-normalize": {
      "version": "3.0.1",
      "resolved": "https://registry.npmjs.org/modern-normalize/-/modern-normalize-3.0.1.tgz",
      "integrity": "sha512-VqlMdYi59Uch6fnUPxnpijWUQe+TW6zeWCvyr6Mb7JibheHzSuAAoJi2c71ZwIaWKpECpGpYHoaaBp6rBRr+/g==",
      "license": "MIT",
      "engines": {
        "node": ">=6"
      },
      "funding": {
        "url": "https://github.com/sponsors/sindresorhus"
      }
    }
  }
}
